
Microsoft Visual Studio Solution File, Format Version 12.00
# Visual Studio 14
VisualStudioVersion = 14.0.25420.1
MinimumVisualStudioVersion = 10.0.40219.1
Project("{FAE04EC0-301F-11D3-BF4B-00C04F79EFBC}") = "HartamaViewDashboard", "HartamaViewDashboard\HartamaViewDashboard.csproj", "{DFCF7651-E73A-46D5-A21B-D4AB4DD13B1B}"
EndProject
Global
	GlobalSection(SolutionConfigurationPlatforms) = preSolution
		Debug|Any CPU = Debug|Any CPU
		Release|Any CPU = Release|Any CPU
	EndGlobalSection
	GlobalSection(ProjectConfigurationPlatforms) = postSolution
		{DFCF7651-E73A-46D5-A21B-D4AB4DD13B1B}.Debug|Any CPU.ActiveCfg = Debug|Any CPU
		{DFCF7651-E73A-46D5-A21B-D4AB4DD13B1B}.Debug|Any CPU.Build.0 = Debug|Any CPU
		{DFCF7651-E73A-46D5-A21B-D4AB4DD13B1B}.Release|Any CPU.ActiveCfg = Release|Any CPU
		{DFCF7651-E73A-46D5-A21B-D4AB4DD13B1B}.Release|Any CPU.Build.0 = Release|Any CPU
	EndGlobalSection
	GlobalSection(SolutionProperties) = preSolution
		HideSolutionNode = FALSE
	EndGlobalSection
EndGlobal
